
Microsoft Visual Studio Solution File, Format Version 12.00
# Visual Studio Version 16
VisualStudioVersion = 16.0.30611.23
MinimumVisualStudioVersion = 10.0.40219.1
Project("{FAE04EC0-301F-11D3-BF4B-00C04F79EFBC}") = "FModel", "PictureViewer\FModel.csproj", "{260CD14A-D665-46CE-8374-8FB663C6DC24}"
EndProject
Global
	GlobalSection(SolutionConfigurationPlatforms) = preSolution
		Debug|Any CPU = Debug|Any CPU
		Release|Any CPU = Release|Any CPU
	EndGlobalSection
	GlobalSection(ProjectConfigurationPlatforms) = postSolution
		{260CD14A-D665-46CE-8374-8FB663C6DC24}.Debug|Any CPU.ActiveCfg = Debug|Any CPU
		{260CD14A-D665-46CE-8374-8FB663C6DC24}.Debug|Any CPU.Build.0 = Debug|Any CPU
		{260CD14A-D665-46CE-8374-8FB663C6DC24}.Release|Any CPU.ActiveCfg = Release|Any CPU
		{260CD14A-D665-46CE-8374-8FB663C6DC24}.Release|Any CPU.Build.0 = Release|Any CPU
	EndGlobalSection
	GlobalSection(SolutionProperties) = preSolution
		HideSolutionNode = FALSE
	EndGlobalSection
	GlobalSection(ExtensibilityGlobals) = postSolution
		SolutionGuid = {5EA9F144-76E2-4EA4-AE9C-CA60B4A1C487}
	EndGlobalSection
EndGlobal
